# This file is autogenerated, do not edit; changes may be undone by the next 'dep ensure'.


[[projects]]
  name = "github.com/Sirupsen/logrus"
  packages = ["."]
  revision = "f006c2ac4710855cf0f916dd6b77acf6b048dc6e"
  version = "v1.0.3"

[[projects]]
  branch = "master"
  name = "golang.org/x/crypto"
  packages = ["ssh/terminal"]
  revision = "76eec36fa14229c4b25bb894c2d0e591527af429"

[[projects]]
  branch = "master"
  name = "golang.org/x/sys"
  packages = ["unix","windows"]
  revision = "314a259e304ff91bd6985da2a7149bbf91237993"

[solve-meta]
  analyzer-name = "dep"
  analyzer-version = 1
  inputs-digest = "6b1e5eb6523d15d8e15970007274b8b5fc722bf13c302df54bc2df97cac14ccd"
  solver-name = "gps-cdcl"
  solver-version = 1
